version = 1
revision = 1
requires-python = ">=3.13"

[[package]]
name = "nodeenv"
version = "1.9.1"
source = { registry = "https://pypi.org/simple" }
sdist = { url = "https://files.pythonhosted.org/packages/43/16/fc88b08840de0e0a72a2f9d8c6bae36be573e475a6326ae854bcc549fc45/nodeenv-1.9.1.tar.gz", hash = "sha256:6ec12890a2dab7946721edbfbcd91f3319c6ccc9aec47be7c7e6b7011ee6645f", size = 47437 }
wheels = [
    { url = "https://files.pythonhosted.org/packages/d2/1d/1b658dbd2b9fa9c4c9f32accbfc0205d532c8c6194dc0f2a4c0428e7128a/nodeenv-1.9.1-py2.py3-none-any.whl", hash = "sha256:ba11c9782d29c27c70ffbdda2d7415098754709be8a7056d79a737cd901155c9", size = 22314 },
]

[[package]]
name = "parsec-python"
version = "0.1.0"
source = { virtual = "." }

[package.dev-dependencies]
lint = [
    { name = "pyright" },
]

[package.metadata]

[package.metadata.requires-dev]
lint = [{ name = "pyright", specifier = ">=1.1.400" }]

[[package]]
name = "pyright"
version = "1.1.400"
source = { registry = "https://pypi.org/simple" }
dependencies = [
    { name = "nodeenv" },
    { name = "typing-extensions" },
]
sdist = { url = "https://files.pythonhosted.org/packages/6c/cb/c306618a02d0ee8aed5fb8d0fe0ecfed0dbf075f71468f03a30b5f4e1fe0/pyright-1.1.400.tar.gz", hash = "sha256:b8a3ba40481aa47ba08ffb3228e821d22f7d391f83609211335858bf05686bdb", size = 3846546 }
wheels = [
    { url = "https://files.pythonhosted.org/packages/c8/a5/5d285e4932cf149c90e3c425610c5efaea005475d5f96f1bfdb452956c62/pyright-1.1.400-py3-none-any.whl", hash = "sha256:c80d04f98b5a4358ad3a35e241dbf2a408eee33a40779df365644f8054d2517e", size = 5563460 },
]

[[package]]
name = "typing-extensions"
version = "4.13.2"
source = { registry = "https://pypi.org/simple" }
sdist = { url = "https://files.pythonhosted.org/packages/f6/37/23083fcd6e35492953e8d2aaaa68b860eb422b34627b13f2ce3eb6106061/typing_extensions-4.13.2.tar.gz", hash = "sha256:e6c81219bd689f51865d9e372991c540bda33a0379d5573cddb9a3a23f7caaef", size = 106967 }
wheels = [
    { url = "https://files.pythonhosted.org/packages/8b/54/b1ae86c0973cc6f0210b53d508ca3641fb6d0c56823f288d108bc7ab3cc8/typing_extensions-4.13.2-py3-none-any.whl", hash = "sha256:a439e7c04b49fec3e5d3e2beaa21755cadbbdc391694e28ccdd36ca4a1408f8c", size = 45806 },
]
